
Microsoft Visual Studio Solution File, Format Version 12.00
# Visual Studio Version 17
VisualStudioVersion = 17.4.33122.133
MinimumVisualStudioVersion = 10.0.40219.1
Project("{8BC9CEB8-8B4A-11D0-8D11-00A0C91BC942}") = "Exercise_1", "Exercise_1\Exercise_1.vcxproj", "{223E5BE3-88CF-4B07-82E9-1858DDC5B77C}"
EndProject
Project("{8BC9CEB8-8B4A-11D0-8D11-00A0C91BC942}") = "Exercise_2", "Exercise_2\Exercise_2.vcxproj", "{41025138-9CA0-4294-A359-DCCD966A6103}"
EndProject
Project("{8BC9CEB8-8B4A-11D0-8D11-00A0C91BC942}") = "Exercise_3", "Exercise_3\Exercise_3.vcxproj", "{467C252B-5496-403A-B763-34DFCD0B4302}"
EndProject
Project("{8BC9CEB8-8B4A-11D0-8D11-00A0C91BC942}") = "Exercise_4", "Exercise_4\Exercise_4.vcxproj", "{407F12E4-AEC4-4152-9D47-85CF06CBDC67}"
EndProject
Project("{8BC9CEB8-8B4A-11D0-8D11-00A0C91BC942}") = "Exercise_5a", "Exercise_5a\Exercise_5a.vcxproj", "{8CCB4A6E-EF71-4FD7-ABF3-A1083CE3DCE2}"
EndProject
Project("{8BC9CEB8-8B4A-11D0-8D11-00A0C91BC942}") = "Exercise_5b", "Exercise_5b\Exercise_5b.vcxproj", "{4D04F867-FAF6-40DC-91E4-9835F1926E06}"
EndProject
Project("{8BC9CEB8-8B4A-11D0-8D11-00A0C91BC942}") = "Exercise_5c", "Exercise_5c\Exercise_5c.vcxproj", "{9B8888CD-1280-4647-905D-AF71CE0F4A8E}"
EndProject
Project("{8BC9CEB8-8B4A-11D0-8D11-00A0C91BC942}") = "Exercise_6", "Exercise_6\Exercise_6.vcxproj", "{553C83C6-00C3-4468-90F3-61D50D025E1B}"
EndProject
Project("{8BC9CEB8-8B4A-11D0-8D11-00A0C91BC942}") = "Exercise_7", "Exercise_7\Exercise_7.vcxproj", "{6D8D050C-A361-4550-92A8-714DFDB5D2A7}"
EndProject
Project("{8BC9CEB8-8B4A-11D0-8D11-00A0C91BC942}") = "Exercise_8", "Exercise_8\Exercise_8.vcxproj", "{1FF19158-F873-4049-AC33-E0A4D2A8B451}"
EndProject
Global
	GlobalSection(SolutionConfigurationPlatforms) = preSolution
		Debug|x64 = Debug|x64
		Debug|x86 = Debug|x86
		Release|x64 = Release|x64
		Release|x86 = Release|x86
	EndGlobalSection
	GlobalSection(ProjectConfigurationPlatforms) = postSolution
		{223E5BE3-88CF-4B07-82E9-1858DDC5B77C}.Debug|x64.ActiveCfg = Debug|x64
		{223E5BE3-88CF-4B07-82E9-1858DDC5B77C}.Debug|x64.Build.0 = Debug|x64
		{223E5BE3-88CF-4B07-82E9-1858DDC5B77C}.Debug|x86.ActiveCfg = Debug|Win32
		{223E5BE3-88CF-4B07-82E9-1858DDC5B77C}.Debug|x86.Build.0 = Debug|Win32
		{223E5BE3-88CF-4B07-82E9-1858DDC5B77C}.Release|x64.ActiveCfg = Release|x64
		{223E5BE3-88CF-4B07-82E9-1858DDC5B77C}.Release|x64.Build.0 = Release|x64
		{223E5BE3-88CF-4B07-82E9-1858DDC5B77C}.Release|x86.ActiveCfg = Release|Win32
		{223E5BE3-88CF-4B07-82E9-1858DDC5B77C}.Release|x86.Build.0 = Release|Win32
		{41025138-9CA0-4294-A359-DCCD966A6103}.Debug|x64.ActiveCfg = Debug|x64
		{41025138-9CA0-4294-A359-DCCD966A6103}.Debug|x64.Build.0 = Debug|x64
		{41025138-9CA0-4294-A359-DCCD966A6103}.Debug|x86.ActiveCfg = Debug|Win32
		{41025138-9CA0-4294-A359-DCCD966A6103}.Debug|x86.Build.0 = Debug|Win32
		{41025138-9CA0-4294-A359-DCCD966A6103}.Release|x64.ActiveCfg = Release|x64
		{41025138-9CA0-4294-A359-DCCD966A6103}.Release|x64.Build.0 = Release|x64
		{41025138-9CA0-4294-A359-DCCD966A6103}.Release|x86.ActiveCfg = Release|Win32
		{41025138-9CA0-4294-A359-DCCD966A6103}.Release|x86.Build.0 = Release|Win32
		{467C252B-5496-403A-B763-34DFCD0B4302}.Debug|x64.ActiveCfg = Debug|x64
		{467C252B-5496-403A-B763-34DFCD0B4302}.Debug|x64.Build.0 = Debug|x64
		{467C252B-5496-403A-B763-34DFCD0B4302}.Debug|x86.ActiveCfg = Debug|Win32
		{467C252B-5496-403A-B763-34DFCD0B4302}.Debug|x86.Build.0 = Debug|Win32
		{467C252B-5496-403A-B763-34DFCD0B4302}.Release|x64.ActiveCfg = Release|x64
		{467C252B-5496-403A-B763-34DFCD0B4302}.Release|x64.Build.0 = Release|x64
		{467C252B-5496-403A-B763-34DFCD0B4302}.Release|x86.ActiveCfg = Release|Win32
		{467C252B-5496-403A-B763-34DFCD0B4302}.Release|x86.Build.0 = Release|Win32
		{407F12E4-AEC4-4152-9D47-85CF06CBDC67}.Debug|x64.ActiveCfg = Debug|x64
		{407F12E4-AEC4-4152-9D47-85CF06CBDC67}.Debug|x64.Build.0 = Debug|x64
		{407F12E4-AEC4-4152-9D47-85CF06CBDC67}.Debug|x86.ActiveCfg = Debug|Win32
		{407F12E4-AEC4-4152-9D47-85CF06CBDC67}.Debug|x86.Build.0 = Debug|Win32
		{407F12E4-AEC4-4152-9D47-85CF06CBDC67}.Release|x64.ActiveCfg = Release|x64
		{407F12E4-AEC4-4152-9D47-85CF06CBDC67}.Release|x64.Build.0 = Release|x64
		{407F12E4-AEC4-4152-9D47-85CF06CBDC67}.Release|x86.ActiveCfg = Release|Win32
		{407F12E4-AEC4-4152-9D47-85CF06CBDC67}.Release|x86.Build.0 = Release|Win32
		{8CCB4A6E-EF71-4FD7-ABF3-A1083CE3DCE2}.Debug|x64.ActiveCfg = Debug|x64
		{8CCB4A6E-EF71-4FD7-ABF3-A1083CE3DCE2}.Debug|x64.Build.0 = Debug|x64
		{8CCB4A6E-EF71-4FD7-ABF3-A1083CE3DCE2}.Debug|x86.ActiveCfg = Debug|Win32
		{8CCB4A6E-EF71-4FD7-ABF3-A1083CE3DCE2}.Debug|x86.Build.0 = Debug|Win32
		{8CCB4A6E-EF71-4FD7-ABF3-A1083CE3DCE2}.Release|x64.ActiveCfg = Release|x64
		{8CCB4A6E-EF71-4FD7-ABF3-A1083CE3DCE2}.Release|x64.Build.0 = Release|x64
		{8CCB4A6E-EF71-4FD7-ABF3-A1083CE3DCE2}.Release|x86.ActiveCfg = Release|Win32
		{8CCB4A6E-EF71-4FD7-ABF3-A1083CE3DCE2}.Release|x86.Build.0 = Release|Win32
		{4D04F867-FAF6-40DC-91E4-9835F1926E06}.Debug|x64.ActiveCfg = Debug|x64
		{4D04F867-FAF6-40DC-91E4-9835F1926E06}.Debug|x64.Build.0 = Debug|x64
		{4D04F867-FAF6-40DC-91E4-9835F1926E06}.Debug|x86.ActiveCfg = Debug|Win32
		{4D04F867-FAF6-40DC-91E4-9835F1926E06}.Debug|x86.Build.0 = Debug|Win32
		{4D04F867-FAF6-40DC-91E4-9835F1926E06}.Release|x64.ActiveCfg = Release|x64
		{4D04F867-FAF6-40DC-91E4-9835F1926E06}.Release|x64.Build.0 = Release|x64
		{4D04F867-FAF6-40DC-91E4-9835F1926E06}.Release|x86.ActiveCfg = Release|Win32
		{4D04F867-FAF6-40DC-91E4-9835F1926E06}.Release|x86.Build.0 = Release|Win32
		{9B8888CD-1280-4647-905D-AF71CE0F4A8E}.Debug|x64.ActiveCfg = Debug|x64
		{9B8888CD-1280-4647-905D-AF71CE0F4A8E}.Debug|x64.Build.0 = Debug|x64
		{9B8888CD-1280-4647-905D-AF71CE0F4A8E}.Debug|x86.ActiveCfg = Debug|Win32
		{9B8888CD-1280-4647-905D-AF71CE0F4A8E}.Debug|x86.Build.0 = Debug|Win32
		{9B8888CD-1280-4647-905D-AF71CE0F4A8E}.Release|x64.ActiveCfg = Release|x64
		{9B8888CD-1280-4647-905D-AF71CE0F4A8E}.Release|x64.Build.0 = Release|x64
		{9B8888CD-1280-4647-905D-AF71CE0F4A8E}.Release|x86.ActiveCfg = Release|Win32
		{9B8888CD-1280-4647-905D-AF71CE0F4A8E}.Release|x86.Build.0 = Release|Win32
		{553C83C6-00C3-4468-90F3-61D50D025E1B}.Debug|x64.ActiveCfg = Debug|x64
		{553C83C6-00C3-4468-90F3-61D50D025E1B}.Debug|x64.Build.0 = Debug|x64
		{553C83C6-00C3-4468-90F3-61D50D025E1B}.Debug|x86.ActiveCfg = Debug|Win32
		{553C83C6-00C3-4468-90F3-61D50D025E1B}.Debug|x86.Build.0 = Debug|Win32
		{553C83C6-00C3-4468-90F3-61D50D025E1B}.Release|x64.ActiveCfg = Release|x64
		{553C83C6-00C3-4468-90F3-61D50D025E1B}.Release|x64.Build.0 = Release|x64
		{553C83C6-00C3-4468-90F3-61D50D025E1B}.Release|x86.ActiveCfg = Release|Win32
		{553C83C6-00C3-4468-90F3-61D50D025E1B}.Release|x86.Build.0 = Release|Win32
		{6D8D050C-A361-4550-92A8-714DFDB5D2A7}.Debug|x64.ActiveCfg = Debug|x64
		{6D8D050C-A361-4550-92A8-714DFDB5D2A7}.Debug|x64.Build.0 = Debug|x64
		{6D8D050C-A361-4550-92A8-714DFDB5D2A7}.Debug|x86.ActiveCfg = Debug|Win32
		{6D8D050C-A361-4550-92A8-714DFDB5D2A7}.Debug|x86.Build.0 = Debug|Win32
		{6D8D050C-A361-4550-92A8-714DFDB5D2A7}.Release|x64.ActiveCfg = Release|x64
		{6D8D050C-A361-4550-92A8-714DFDB5D2A7}.Release|x64.Build.0 = Release|x64
		{6D8D050C-A361-4550-92A8-714DFDB5D2A7}.Release|x86.ActiveCfg = Release|Win32
		{6D8D050C-A361-4550-92A8-714DFDB5D2A7}.Release|x86.Build.0 = Release|Win32
		{1FF19158-F873-4049-AC33-E0A4D2A8B451}.Debug|x64.ActiveCfg = Debug|x64
		{1FF19158-F873-4049-AC33-E0A4D2A8B451}.Debug|x64.Build.0 = Debug|x64
		{1FF19158-F873-4049-AC33-E0A4D2A8B451}.Debug|x86.ActiveCfg = Debug|Win32
		{1FF19158-F873-4049-AC33-E0A4D2A8B451}.Debug|x86.Build.0 = Debug|Win32
		{1FF19158-F873-4049-AC33-E0A4D2A8B451}.Release|x64.ActiveCfg = Release|x64
		{1FF19158-F873-4049-AC33-E0A4D2A8B451}.Release|x64.Build.0 = Release|x64
		{1FF19158-F873-4049-AC33-E0A4D2A8B451}.Release|x86.ActiveCfg = Release|Win32
		{1FF19158-F873-4049-AC33-E0A4D2A8B451}.Release|x86.Build.0 = Release|Win32
	EndGlobalSection
	GlobalSection(SolutionProperties) = preSolution
		HideSolutionNode = FALSE
	EndGlobalSection
	GlobalSection(ExtensibilityGlobals) = postSolution
		SolutionGuid = {FBCD9927-9267-44B0-8287-05FF5AC174F7}
	EndGlobalSection
EndGlobal
